
Microsoft Visual Studio Solution File, Format Version 12.00
# Visual Studio 14
VisualStudioVersion = 14.0.25123.0
MinimumVisualStudioVersion = 10.0.40219.1
Project("{FAE04EC0-301F-11D3-BF4B-00C04F79EFBC}") = "BL", "BL\BL.csproj", "{611887A4-E26C-4C35-975D-8DAE23B07232}"
EndProject
Project("{FAE04EC0-301F-11D3-BF4B-00C04F79EFBC}") = "Entitytip", "Entitytip\Entitytip.csproj", "{3E2762CE-E5A1-4C75-AC23-88B107835986}"
EndProject
Project("{FAE04EC0-301F-11D3-BF4B-00C04F79EFBC}") = "MSSQLDAL", "MSSQLDAL\MSSQLDAL.csproj", "{838CD31B-355A-46E2-99E9-A167670BB85F}"
EndProject
Project("{FAE04EC0-301F-11D3-BF4B-00C04F79EFBC}") = "Travel", "Travel\Travel.csproj", "{9544C68F-1963-4CDA-A634-E6E03ADBC574}"
EndProject
Global
	GlobalSection(SolutionConfigurationPlatforms) = preSolution
		Debug|Any CPU = Debug|Any CPU
		Release|Any CPU = Release|Any CPU
	EndGlobalSection
	GlobalSection(ProjectConfigurationPlatforms) = postSolution
		{611887A4-E26C-4C35-975D-8DAE23B07232}.Debug|Any CPU.ActiveCfg = Debug|Any CPU
		{611887A4-E26C-4C35-975D-8DAE23B07232}.Debug|Any CPU.Build.0 = Debug|Any CPU
		{611887A4-E26C-4C35-975D-8DAE23B07232}.Release|Any CPU.ActiveCfg = Release|Any CPU
		{611887A4-E26C-4C35-975D-8DAE23B07232}.Release|Any CPU.Build.0 = Release|Any CPU
		{3E2762CE-E5A1-4C75-AC23-88B107835986}.Debug|Any CPU.ActiveCfg = Debug|Any CPU
		{3E2762CE-E5A1-4C75-AC23-88B107835986}.Debug|Any CPU.Build.0 = Debug|Any CPU
		{3E2762CE-E5A1-4C75-AC23-88B107835986}.Release|Any CPU.ActiveCfg = Release|Any CPU
		{3E2762CE-E5A1-4C75-AC23-88B107835986}.Release|Any CPU.Build.0 = Release|Any CPU
		{838CD31B-355A-46E2-99E9-A167670BB85F}.Debug|Any CPU.ActiveCfg = Debug|Any CPU
		{838CD31B-355A-46E2-99E9-A167670BB85F}.Debug|Any CPU.Build.0 = Debug|Any CPU
		{838CD31B-355A-46E2-99E9-A167670BB85F}.Release|Any CPU.ActiveCfg = Release|Any CPU
		{838CD31B-355A-46E2-99E9-A167670BB85F}.Release|Any CPU.Build.0 = Release|Any CPU
		{9544C68F-1963-4CDA-A634-E6E03ADBC574}.Debug|Any CPU.ActiveCfg = Debug|Any CPU
		{9544C68F-1963-4CDA-A634-E6E03ADBC574}.Debug|Any CPU.Build.0 = Debug|Any CPU
		{9544C68F-1963-4CDA-A634-E6E03ADBC574}.Release|Any CPU.ActiveCfg = Release|Any CPU
		{9544C68F-1963-4CDA-A634-E6E03ADBC574}.Release|Any CPU.Build.0 = Release|Any CPU
	EndGlobalSection
	GlobalSection(SolutionProperties) = preSolution
		HideSolutionNode = FALSE
	EndGlobalSection
EndGlobal
